// !$*UTF8*$!
{
	archiveVersion = 1;
	classes = {
	};
	objectVersion = 50;
	objects = {

/* Begin PBXBuildFile section */
		CE1F2648262DF24000F9BCE8 /* AppDelegate.swift in Sources */ = {isa = PBXBuildFile; fileRef = CE1F2647262DF24000F9BCE8 /* AppDelegate.swift */; };
		CE1F264A262DF24000F9BCE8 /* SceneDelegate.swift in Sources */ = {isa = PBXBuildFile; fileRef = CE1F2649262DF24000F9BCE8 /* SceneDelegate.swift */; };
		CE1F264C262DF24000F9BCE8 /* ViewController.swift in Sources */ = {isa = PBXBuildFile; fileRef = CE1F264B262DF24000F9BCE8 /* ViewController.swift */; };
		CE1F2651262DF24100F9BCE8 /* Assets.xcassets in Resources */ = {isa = PBXBuildFile; fileRef = CE1F2650262DF24100F9BCE8 /* Assets.xcassets */; };
		CE1F2654262DF24100F9BCE8 /* LaunchScreen.storyboard in Resources */ = {isa = PBXBuildFile; fileRef = CE1F2652262DF24100F9BCE8 /* LaunchScreen.storyboard */; };
		CE1F2663262F832B00F9BCE8 /* Constans.swift in Sources */ = {isa = PBXBuildFile; fileRef = CE1F2662262F832B00F9BCE8 /* Constans.swift */; };
		CE1F26672633332400F9BCE8 /* NetworkWeatherManager.swift in Sources */ = {isa = PBXBuildFile; fileRef = CE1F26662633332400F9BCE8 /* NetworkWeatherManager.swift */; };
		CE1F266A2633676A00F9BCE8 /* CurrentWeatherData.swift in Sources */ = {isa = PBXBuildFile; fileRef = CE1F26692633676A00F9BCE8 /* CurrentWeatherData.swift */; };
		CE1F266D2633677800F9BCE8 /* CurrentWeather.swift in Sources */ = {isa = PBXBuildFile; fileRef = CE1F266C2633677800F9BCE8 /* CurrentWeather.swift */; };
		CE1F2684263AF33600F9BCE8 /* ViewController+alertController.swift in Sources */ = {isa = PBXBuildFile; fileRef = CE1F2683263AF33600F9BCE8 /* ViewController+alertController.swift */; };
		CE1F268A263AF86900F9BCE8 /* Main.storyboard in Resources */ = {isa = PBXBuildFile; fileRef = CE1F2688263AF86900F9BCE8 /* Main.storyboard */; };
/* End PBXBuildFile section */

/* Begin PBXFileReference section */
		CE1F2644262DF24000F9BCE8 /* APIDoubleProject.app */ = {isa = PBXFileReference; explicitFileType = wrapper.application; includeInIndex = 0; path = APIDoubleProject.app; sourceTree = BUILT_PRODUCTS_DIR; };
		CE1F2647262DF24000F9BCE8 /* AppDelegate.swift */ = {isa = PBXFileReference; lastKnownFileType = sourcecode.swift; path = AppDelegate.swift; sourceTree = "<group>"; };
		CE1F2649262DF24000F9BCE8 /* SceneDelegate.swift */ = {isa = PBXFileReference; lastKnownFileType = sourcecode.swift; path = SceneDelegate.swift; sourceTree = "<group>"; };
		CE1F264B262DF24000F9BCE8 /* ViewController.swift */ = {isa = PBXFileReference; lastKnownFileType = sourcecode.swift; path = ViewController.swift; sourceTree = "<group>"; };
		CE1F2650262DF24100F9BCE8 /* Assets.xcassets */ = {isa = PBXFileReference; lastKnownFileType = folder.assetcatalog; path = Assets.xcassets; sourceTree = "<group>"; };
		CE1F2653262DF24100F9BCE8 /* Base */ = {isa = PBXFileReference; lastKnownFileType = file.storyboard; name = Base; path = Base.lproj/LaunchScreen.storyboard; sourceTree = "<group>"; };
		CE1F2655262DF24100F9BCE8 /* Info.plist */ = {isa = PBXFileReference; lastKnownFileType = text.plist.xml; path = Info.plist; sourceTree = "<group>"; };
		CE1F2662262F832B00F9BCE8 /* Constans.swift */ = {isa = PBXFileReference; lastKnownFileType = sourcecode.swift; path = Constans.swift; sourceTree = "<group>"; };
		CE1F26662633332400F9BCE8 /* NetworkWeatherManager.swift */ = {isa = PBXFileReference; lastKnownFileType = sourcecode.swift; path = NetworkWeatherManager.swift; sourceTree = "<group>"; };
		CE1F26692633676A00F9BCE8 /* CurrentWeatherData.swift */ = {isa = PBXFileReference; lastKnownFileType = sourcecode.swift; path = CurrentWeatherData.swift; sourceTree = "<group>"; };
		CE1F266C2633677800F9BCE8 /* CurrentWeather.swift */ = {isa = PBXFileReference; lastKnownFileType = sourcecode.swift; path = CurrentWeather.swift; sourceTree = "<group>"; };
		CE1F2683263AF33600F9BCE8 /* ViewController+alertController.swift */ = {isa = PBXFileReference; lastKnownFileType = sourcecode.swift; path = "ViewController+alertController.swift"; sourceTree = "<group>"; };
		CE1F2689263AF86900F9BCE8 /* Base */ = {isa = PBXFileReference; lastKnownFileType = file.storyboard; name = Base; path = Base.lproj/Main.storyboard; sourceTree = "<group>"; };
/* End PBXFileReference section */

/* Begin PBXFrameworksBuildPhase section */
		CE1F2641262DF24000F9BCE8 /* Frameworks */ = {
			isa = PBXFrameworksBuildPhase;
			buildActionMask = 2147483647;
			files = (
			);
			runOnlyForDeploymentPostprocessing = 0;
		};
/* End PBXFrameworksBuildPhase section */

/* Begin PBXGroup section */
		CE1F263B262DF24000F9BCE8 = {
			isa = PBXGroup;
			children = (
				CE1F2646262DF24000F9BCE8 /* APIDoubleProject */,
				CE1F2645262DF24000F9BCE8 /* Products */,
			);
			sourceTree = "<group>";
		};
		CE1F2645262DF24000F9BCE8 /* Products */ = {
			isa = PBXGroup;
			children = (
				CE1F2644262DF24000F9BCE8 /* APIDoubleProject.app */,
			);
			name = Products;
			sourceTree = "<group>";
		};
		CE1F2646262DF24000F9BCE8 /* APIDoubleProject */ = {
			isa = PBXGroup;
			children = (
				CE1F2655262DF24100F9BCE8 /* Info.plist */,
				CE1F2661262F82E200F9BCE8 /* Extensions */,
				CE1F2660262F82B300F9BCE8 /* Models */,
				CE1F2687263AF86900F9BCE8 /* Views */,
				CE1F265E262F827A00F9BCE8 /* Controllers */,
				CE1F265D262F814100F9BCE8 /* Supporting files */,
			);
			path = APIDoubleProject;
			sourceTree = "<group>";
		};
		CE1F265D262F814100F9BCE8 /* Supporting files */ = {
			isa = PBXGroup;
			children = (
				CE1F2662262F832B00F9BCE8 /* Constans.swift */,
				CE1F2647262DF24000F9BCE8 /* AppDelegate.swift */,
				CE1F2649262DF24000F9BCE8 /* SceneDelegate.swift */,
				CE1F2650262DF24100F9BCE8 /* Assets.xcassets */,
				CE1F2652262DF24100F9BCE8 /* LaunchScreen.storyboard */,
			);
			path = "Supporting files";
			sourceTree = "<group>";
		};
		CE1F265E262F827A00F9BCE8 /* Controllers */ = {
			isa = PBXGroup;
			children = (
				CE1F264B262DF24000F9BCE8 /* ViewController.swift */,
			);
			path = Controllers;
			sourceTree = "<group>";
		};
		CE1F2660262F82B300F9BCE8 /* Models */ = {
			isa = PBXGroup;
			children = (
				CE1F26662633332400F9BCE8 /* NetworkWeatherManager.swift */,
				CE1F26692633676A00F9BCE8 /* CurrentWeatherData.swift */,
				CE1F266C2633677800F9BCE8 /* CurrentWeather.swift */,
			);
			path = Models;
			sourceTree = "<group>";
		};
		CE1F2661262F82E200F9BCE8 /* Extensions */ = {
			isa = PBXGroup;
			children = (
				CE1F2683263AF33600F9BCE8 /* ViewController+alertController.swift */,
			);
			path = Extensions;
			sourceTree = "<group>";
		};
		CE1F2687263AF86900F9BCE8 /* Views */ = {
			isa = PBXGroup;
			children = (
				CE1F2688263AF86900F9BCE8 /* Main.storyboard */,
			);
			name = Views;
			path = APIDoubleProject/Views;
			sourceTree = SOURCE_ROOT;
		};
/* End PBXGroup section */

/* Begin PBXNativeTarget section */
		CE1F2643262DF24000F9BCE8 /* APIDoubleProject */ = {
			isa = PBXNativeTarget;
			buildConfigurationList = CE1F2658262DF24100F9BCE8 /* Build configuration list for PBXNativeTarget "APIDoubleProject" */;
			buildPhases = (
				CE1F2640262DF24000F9BCE8 /* Sources */,
				CE1F2641262DF24000F9BCE8 /* Frameworks */,
				CE1F2642262DF24000F9BCE8 /* Resources */,
			);
			buildRules = (
			);
			dependencies = (
			);
			name = APIDoubleProject;
			productName = APIDoubleProject;
			productReference = CE1F2644262DF24000F9BCE8 /* APIDoubleProject.app */;
			productType = "com.apple.product-type.application";
		};
/* End PBXNativeTarget section */

/* Begin PBXProject section */
		CE1F263C262DF24000F9BCE8 /* Project object */ = {
			isa = PBXProject;
			attributes = {
				LastSwiftUpdateCheck = 1230;
				LastUpgradeCheck = 1230;
				TargetAttributes = {
					CE1F2643262DF24000F9BCE8 = {
						CreatedOnToolsVersion = 12.3;
					};
				};
			};
			buildConfigurationList = CE1F263F262DF24000F9BCE8 /* Build configuration list for PBXProject "APIDoubleProject" */;
			compatibilityVersion = "Xcode 9.3";
			developmentRegion = en;
			hasScannedForEncodings = 0;
			knownRegions = (
				en,
				Base,
			);
			mainGroup = CE1F263B262DF24000F9BCE8;
			productRefGroup = CE1F2645262DF24000F9BCE8 /* Products */;
			projectDirPath = "";
			projectRoot = "";
			targets = (
				CE1F2643262DF24000F9BCE8 /* APIDoubleProject */,
			);
		};
/* End PBXProject section */

/* Begin PBXResourcesBuildPhase section */
		CE1F2642262DF24000F9BCE8 /* Resources */ = {
			isa = PBXResourcesBuildPhase;
			buildActionMask = 2147483647;
			files = (
				CE1F268A263AF86900F9BCE8 /* Main.storyboard in Resources */,
				CE1F2654262DF24100F9BCE8 /* LaunchScreen.storyboard in Resources */,
				CE1F2651262DF24100F9BCE8 /* Assets.xcassets in Resources */,
			);
			runOnlyForDeploymentPostprocessing = 0;
		};
/* End PBXResourcesBuildPhase section */

/* Begin PBXSourcesBuildPhase section */
		CE1F2640262DF24000F9BCE8 /* Sources */ = {
			isa = PBXSourcesBuildPhase;
			buildActionMask = 2147483647;
			files = (
				CE1F264C262DF24000F9BCE8 /* ViewController.swift in Sources */,
				CE1F2648262DF24000F9BCE8 /* AppDelegate.swift in Sources */,
				CE1F266A2633676A00F9BCE8 /* CurrentWeatherData.swift in Sources */,
				CE1F266D2633677800F9BCE8 /* CurrentWeather.swift in Sources */,
				CE1F26672633332400F9BCE8 /* NetworkWeatherManager.swift in Sources */,
				CE1F2684263AF33600F9BCE8 /* ViewController+alertController.swift in Sources */,
				CE1F2663262F832B00F9BCE8 /* Constans.swift in Sources */,
				CE1F264A262DF24000F9BCE8 /* SceneDelegate.swift in Sources */,
			);
			runOnlyForDeploymentPostprocessing = 0;
		};
/* End PBXSourcesBuildPhase section */

/* Begin PBXVariantGroup section */
		CE1F2652262DF24100F9BCE8 /* LaunchScreen.storyboard */ = {
			isa = PBXVariantGroup;
			children = (
				CE1F2653262DF24100F9BCE8 /* Base */,
			);
			name = LaunchScreen.storyboard;
			sourceTree = "<group>";
		};
		CE1F2688263AF86900F9BCE8 /* Main.storyboard */ = {
			isa = PBXVariantGroup;
			children = (
				CE1F2689263AF86900F9BCE8 /* Base */,
			);
			name = Main.storyboard;
			sourceTree = "<group>";
		};
/* End PBXVariantGroup section */

/* Begin XCBuildConfiguration section */
		CE1F2656262DF24100F9BCE8 /* Debug */ = {
			isa = XCBuildConfiguration;
			buildSettings = {
				ALWAYS_SEARCH_USER_PATHS = NO;
				CLANG_ANALYZER_NONNULL = YES;
				CLANG_ANALYZER_NUMBER_OBJECT_CONVERSION = YES_AGGRESSIVE;
				CLANG_CXX_LANGUAGE_STANDARD = "gnu++14";
				CLANG_CXX_LIBRARY = "libc++";
				CLANG_ENABLE_MODULES = YES;
				CLANG_ENABLE_OBJC_ARC = YES;
				CLANG_ENABLE_OBJC_WEAK = YES;
				CLANG_WARN_BLOCK_CAPTURE_AUTORELEASING = YES;
				CLANG_WARN_BOOL_CONVERSION = YES;
				CLANG_WARN_COMMA = YES;
				CLANG_WARN_CONSTANT_CONVERSION = YES;
				CLANG_WARN_DEPRECATED_OBJC_IMPLEMENTATIONS = YES;
				CLANG_WARN_DIRECT_OBJC_ISA_USAGE = YES_ERROR;
				CLANG_WARN_DOCUMENTATION_COMMENTS = YES;
				CLANG_WARN_EMPTY_BODY = YES;
				CLANG_WARN_ENUM_CONVERSION = YES;
				CLANG_WARN_INFINITE_RECURSION = YES;
				CLANG_WARN_INT_CONVERSION = YES;
				CLANG_WARN_NON_LITERAL_NULL_CONVERSION = YES;
				CLANG_WARN_OBJC_IMPLICIT_RETAIN_SELF = YES;
				CLANG_WARN_OBJC_LITERAL_CONVERSION = YES;
				CLANG_WARN_OBJC_ROOT_CLASS = YES_ERROR;
				CLANG_WARN_QUOTED_INCLUDE_IN_FRAMEWORK_HEADER = YES;
				CLANG_WARN_RANGE_LOOP_ANALYSIS = YES;
				CLANG_WARN_STRICT_PROTOTYPES = YES;
				CLANG_WARN_SUSPICIOUS_MOVE = YES;
				CLANG_WARN_UNGUARDED_AVAILABILITY = YES_AGGRESSIVE;
				CLANG_WARN_UNREACHABLE_CODE = YES;
				CLANG_WARN__DUPLICATE_METHOD_MATCH = YES;
				COPY_PHASE_STRIP = NO;
				DEBUG_INFORMATION_FORMAT = dwarf;
				ENABLE_STRICT_OBJC_MSGSEND = YES;
				ENABLE_TESTABILITY = YES;
				GCC_C_LANGUAGE_STANDARD = gnu11;
				GCC_DYNAMIC_NO_PIC = NO;
				GCC_NO_COMMON_BLOCKS = YES;
				GCC_OPTIMIZATION_LEVEL = 0;
				GCC_PREPROCESSOR_DEFINITIONS = (
					"DEBUG=1",
					"$(inherited)",
				);
				GCC_WARN_64_TO_32_BIT_CONVERSION = YES;
				GCC_WARN_ABOUT_RETURN_TYPE = YES_ERROR;
				GCC_WARN_UNDECLARED_SELECTOR = YES;
				GCC_WARN_UNINITIALIZED_AUTOS = YES_AGGRESSIVE;
				GCC_WARN_UNUSED_FUNCTION = YES;
				GCC_WARN_UNUSED_VARIABLE = YES;
				IPHONEOS_DEPLOYMENT_TARGET = 14.3;
				MTL_ENABLE_DEBUG_INFO = INCLUDE_SOURCE;
				MTL_FAST_MATH = YES;
				ONLY_ACTIVE_ARCH = YES;
				SDKROOT = iphoneos;
				SWIFT_ACTIVE_COMPILATION_CONDITIONS = DEBUG;
				SWIFT_OPTIMIZATION_LEVEL = "-Onone";
			};
			name = Debug;
		};
		CE1F2657262DF24100F9BCE8 /* Release */ = {
			isa = XCBuildConfiguration;
			buildSettings = {
				ALWAYS_SEARCH_USER_PATHS = NO;
				CLANG_ANALYZER_NONNULL = YES;
				CLANG_ANALYZER_NUMBER_OBJECT_CONVERSION = YES_AGGRESSIVE;
				CLANG_CXX_LANGUAGE_STANDARD = "gnu++14";
				CLANG_CXX_LIBRARY = "libc++";
				CLANG_ENABLE_MODULES = YES;
				CLANG_ENABLE_OBJC_ARC = YES;
				CLANG_ENABLE_OBJC_WEAK = YES;
				CLANG_WARN_BLOCK_CAPTURE_AUTORELEASING = YES;
				CLANG_WARN_BOOL_CONVERSION = YES;
				CLANG_WARN_COMMA = YES;
				CLANG_WARN_CONSTANT_CONVERSION = YES;
				CLANG_WARN_DEPRECATED_OBJC_IMPLEMENTATIONS = YES;
				CLANG_WARN_DIRECT_OBJC_ISA_USAGE = YES_ERROR;
				CLANG_WARN_DOCUMENTATION_COMMENTS = YES;
				CLANG_WARN_EMPTY_BODY = YES;
				CLANG_WARN_ENUM_CONVERSION = YES;
				CLANG_WARN_INFINITE_RECURSION = YES;
				CLANG_WARN_INT_CONVERSION = YES;
				CLANG_WARN_NON_LITERAL_NULL_CONVERSION = YES;
				CLANG_WARN_OBJC_IMPLICIT_RETAIN_SELF = YES;
				CLANG_WARN_OBJC_LITERAL_CONVERSION = YES;
				CLANG_WARN_OBJC_ROOT_CLASS = YES_ERROR;
				CLANG_WARN_QUOTED_INCLUDE_IN_FRAMEWORK_HEADER = YES;
				CLANG_WARN_RANGE_LOOP_ANALYSIS = YES;
				CLANG_WARN_STRICT_PROTOTYPES = YES;
				CLANG_WARN_SUSPICIOUS_MOVE = YES;
				CLANG_WARN_UNGUARDED_AVAILABILITY = YES_AGGRESSIVE;
				CLANG_WARN_UNREACHABLE_CODE = YES;
				CLANG_WARN__DUPLICATE_METHOD_MATCH = YES;
				COPY_PHASE_STRIP = NO;
				DEBUG_INFORMATION_FORMAT = "dwarf-with-dsym";
				ENABLE_NS_ASSERTIONS = NO;
				ENABLE_STRICT_OBJC_MSGSEND = YES;
				GCC_C_LANGUAGE_STANDARD = gnu11;
				GCC_NO_COMMON_BLOCKS = YES;
				GCC_WARN_64_TO_32_BIT_CONVERSION = YES;
				GCC_WARN_ABOUT_RETURN_TYPE = YES_ERROR;
				GCC_WARN_UNDECLARED_SELECTOR = YES;
				GCC_WARN_UNINITIALIZED_AUTOS = YES_AGGRESSIVE;
				GCC_WARN_UNUSED_FUNCTION = YES;
				GCC_WARN_UNUSED_VARIABLE = YES;
				IPHONEOS_DEPLOYMENT_TARGET = 14.3;
				MTL_ENABLE_DEBUG_INFO = NO;
				MTL_FAST_MATH = YES;
				SDKROOT = iphoneos;
				SWIFT_COMPILATION_MODE = wholemodule;
				SWIFT_OPTIMIZATION_LEVEL = "-O";
				VALIDATE_PRODUCT = YES;
			};
			name = Release;
		};
		CE1F2659262DF24100F9BCE8 /* Debug */ = {
			isa = XCBuildConfiguration;
			buildSettings = {
				ASSETCATALOG_COMPILER_APPICON_NAME = AppIcon;
				ASSETCATALOG_COMPILER_GLOBAL_ACCENT_COLOR_NAME = AccentColor;
				CODE_SIGN_STYLE = Automatic;
				INFOPLIST_FILE = APIDoubleProject/Info.plist;
				LD_RUNPATH_SEARCH_PATHS = (
					"$(inherited)",
					"@executable_path/Frameworks",
				);
				PRODUCT_BUNDLE_IDENTIFIER = io.alion.APIDoubleProject;
				PRODUCT_NAME = "$(TARGET_NAME)";
				SWIFT_VERSION = 5.0;
				TARGETED_DEVICE_FAMILY = "1,2";
			};
			name = Debug;
		};
		CE1F265A262DF24100F9BCE8 /* Release */ = {
			isa = XCBuildConfiguration;
			buildSettings = {
				ASSETCATALOG_COMPILER_APPICON_NAME = AppIcon;
				ASSETCATALOG_COMPILER_GLOBAL_ACCENT_COLOR_NAME = AccentColor;
				CODE_SIGN_STYLE = Automatic;
				INFOPLIST_FILE = APIDoubleProject/Info.plist;
				LD_RUNPATH_SEARCH_PATHS = (
					"$(inherited)",
					"@executable_path/Frameworks",
				);
				PRODUCT_BUNDLE_IDENTIFIER = io.alion.APIDoubleProject;
				PRODUCT_NAME = "$(TARGET_NAME)";
				SWIFT_VERSION = 5.0;
				TARGETED_DEVICE_FAMILY = "1,2";
			};
			name = Release;
		};
/* End XCBuildConfiguration section */

/* Begin XCConfigurationList section */
		CE1F263F262DF24000F9BCE8 /* Build configuration list for PBXProject "APIDoubleProject" */ = {
			isa = XCConfigurationList;
			buildConfigurations = (
				CE1F2656262DF24100F9BCE8 /* Debug */,
				CE1F2657262DF24100F9BCE8 /* Release */,
			);
			defaultConfigurationIsVisible = 0;
			defaultConfigurationName = Release;
		};
		CE1F2658262DF24100F9BCE8 /* Build configuration list for PBXNativeTarget "APIDoubleProject" */ = {
			isa = XCConfigurationList;
			buildConfigurations = (
				CE1F2659262DF24100F9BCE8 /* Debug */,
				CE1F265A262DF24100F9BCE8 /* Release */,
			);
			defaultConfigurationIsVisible = 0;
			defaultConfigurationName = Release;
		};
/* End XCConfigurationList section */
	};
	rootObject = CE1F263C262DF24000F9BCE8 /* Project object */;
}
